<Solution>
  <Folder Name="/src/" />
  <Folder Name="/src/Apis/" />
  <Folder Name="/src/Aspire/">
    <Project Path="src/aspire/ShowRoom.AppHost/ShowRoom.AppHost.csproj" />
    <Project Path="src/aspire/ShowRoom.ServiceDefaults/ShowRoom.ServiceDefaults.csproj" />
  </Folder>
  <Folder Name="/src/BuildingBlocks/" />
  <Folder Name="/src/SharedKernel/" />
  <Folder Name="/src/Websites/" />
  <Folder Name="/tests/" />
</Solution>
